
Microsoft Visual Studio Solution File, Format Version 12.00
# Visual Studio Version 17
VisualStudioVersion = 17.0.32014.148
MinimumVisualStudioVersion = 10.0.40219.1
Project("{2150E333-8FDC-42A3-9474-1A3956D46DE8}") = "Application", "Application", "{08B82ACA-09AE-49D4-BA46-25060BD32A3B}"
EndProject
Project("{2150E333-8FDC-42A3-9474-1A3956D46DE8}") = "Infrastructure", "Infrastructure", "{C288BDA1-625E-41C7-BF81-3E115F5BD2A3}"
EndProject
Project("{FAE04EC0-301F-11D3-BF4B-00C04F79EFBC}") = "Contracts", "Contracts\Contracts.csproj", "{4D875651-F0F8-4914-92CF-04F83C6CD9D5}"
EndProject
Project("{FAE04EC0-301F-11D3-BF4B-00C04F79EFBC}") = "Domain", "Domain\Domain.csproj", "{849D1500-5A2C-4E89-A3A6-F5D90863DB03}"
EndProject
Project("{FAE04EC0-301F-11D3-BF4B-00C04F79EFBC}") = "Services", "Services\Services.csproj", "{58094343-8029-4D3D-B274-D65AD87F1B2F}"
EndProject
Project("{FAE04EC0-301F-11D3-BF4B-00C04F79EFBC}") = "Services.Abstractions", "Services.Abstractions\Services.Abstractions.csproj", "{EFF786B8-9053-4DA8-BAC9-686D995133FC}"
EndProject
Project("{FAE04EC0-301F-11D3-BF4B-00C04F79EFBC}") = "Persistence", "Persistence\Persistence.csproj", "{0B73C73C-699E-4063-9DEC-6946613579B2}"
EndProject
Project("{2150E333-8FDC-42A3-9474-1A3956D46DE8}") = "Core", "Core", "{7CF459C2-B7B2-44E1-80B7-4689C3A2A01C}"
EndProject
Project("{FAE04EC0-301F-11D3-BF4B-00C04F79EFBC}") = "DomainService", "DomainService\DomainService.csproj", "{405305D1-31B8-48A5-AECD-1C527F212DF9}"
EndProject
Project("{FAE04EC0-301F-11D3-BF4B-00C04F79EFBC}") = "DomainInterfaces", "DomainInterfaces\DomainInterfaces.csproj", "{11418F77-30A6-49DF-ABC3-608A03BEFC34}"
EndProject
Project("{FAE04EC0-301F-11D3-BF4B-00C04F79EFBC}") = "WebApi", "WebApi\WebApi.csproj", "{A114FFBA-A9DC-4EF2-8F52-283E86395CB6}"
EndProject
Global
	GlobalSection(SolutionConfigurationPlatforms) = preSolution
		Debug|Any CPU = Debug|Any CPU
		Release|Any CPU = Release|Any CPU
	EndGlobalSection
	GlobalSection(ProjectConfigurationPlatforms) = postSolution
		{4D875651-F0F8-4914-92CF-04F83C6CD9D5}.Debug|Any CPU.ActiveCfg = Debug|Any CPU
		{4D875651-F0F8-4914-92CF-04F83C6CD9D5}.Debug|Any CPU.Build.0 = Debug|Any CPU
		{4D875651-F0F8-4914-92CF-04F83C6CD9D5}.Release|Any CPU.ActiveCfg = Release|Any CPU
		{4D875651-F0F8-4914-92CF-04F83C6CD9D5}.Release|Any CPU.Build.0 = Release|Any CPU
		{849D1500-5A2C-4E89-A3A6-F5D90863DB03}.Debug|Any CPU.ActiveCfg = Debug|Any CPU
		{849D1500-5A2C-4E89-A3A6-F5D90863DB03}.Debug|Any CPU.Build.0 = Debug|Any CPU
		{849D1500-5A2C-4E89-A3A6-F5D90863DB03}.Release|Any CPU.ActiveCfg = Release|Any CPU
		{849D1500-5A2C-4E89-A3A6-F5D90863DB03}.Release|Any CPU.Build.0 = Release|Any CPU
		{58094343-8029-4D3D-B274-D65AD87F1B2F}.Debug|Any CPU.ActiveCfg = Debug|Any CPU
		{58094343-8029-4D3D-B274-D65AD87F1B2F}.Debug|Any CPU.Build.0 = Debug|Any CPU
		{58094343-8029-4D3D-B274-D65AD87F1B2F}.Release|Any CPU.ActiveCfg = Release|Any CPU
		{58094343-8029-4D3D-B274-D65AD87F1B2F}.Release|Any CPU.Build.0 = Release|Any CPU
		{EFF786B8-9053-4DA8-BAC9-686D995133FC}.Debug|Any CPU.ActiveCfg = Debug|Any CPU
		{EFF786B8-9053-4DA8-BAC9-686D995133FC}.Debug|Any CPU.Build.0 = Debug|Any CPU
		{EFF786B8-9053-4DA8-BAC9-686D995133FC}.Release|Any CPU.ActiveCfg = Release|Any CPU
		{EFF786B8-9053-4DA8-BAC9-686D995133FC}.Release|Any CPU.Build.0 = Release|Any CPU
		{0B73C73C-699E-4063-9DEC-6946613579B2}.Debug|Any CPU.ActiveCfg = Debug|Any CPU
		{0B73C73C-699E-4063-9DEC-6946613579B2}.Debug|Any CPU.Build.0 = Debug|Any CPU
		{0B73C73C-699E-4063-9DEC-6946613579B2}.Release|Any CPU.ActiveCfg = Release|Any CPU
		{0B73C73C-699E-4063-9DEC-6946613579B2}.Release|Any CPU.Build.0 = Release|Any CPU
		{405305D1-31B8-48A5-AECD-1C527F212DF9}.Debug|Any CPU.ActiveCfg = Debug|Any CPU
		{405305D1-31B8-48A5-AECD-1C527F212DF9}.Debug|Any CPU.Build.0 = Debug|Any CPU
		{405305D1-31B8-48A5-AECD-1C527F212DF9}.Release|Any CPU.ActiveCfg = Release|Any CPU
		{405305D1-31B8-48A5-AECD-1C527F212DF9}.Release|Any CPU.Build.0 = Release|Any CPU
		{11418F77-30A6-49DF-ABC3-608A03BEFC34}.Debug|Any CPU.ActiveCfg = Debug|Any CPU
		{11418F77-30A6-49DF-ABC3-608A03BEFC34}.Debug|Any CPU.Build.0 = Debug|Any CPU
		{11418F77-30A6-49DF-ABC3-608A03BEFC34}.Release|Any CPU.ActiveCfg = Release|Any CPU
		{11418F77-30A6-49DF-ABC3-608A03BEFC34}.Release|Any CPU.Build.0 = Release|Any CPU
		{A114FFBA-A9DC-4EF2-8F52-283E86395CB6}.Debug|Any CPU.ActiveCfg = Debug|Any CPU
		{A114FFBA-A9DC-4EF2-8F52-283E86395CB6}.Debug|Any CPU.Build.0 = Debug|Any CPU
		{A114FFBA-A9DC-4EF2-8F52-283E86395CB6}.Release|Any CPU.ActiveCfg = Release|Any CPU
		{A114FFBA-A9DC-4EF2-8F52-283E86395CB6}.Release|Any CPU.Build.0 = Release|Any CPU
	EndGlobalSection
	GlobalSection(SolutionProperties) = preSolution
		HideSolutionNode = FALSE
	EndGlobalSection
	GlobalSection(NestedProjects) = preSolution
		{4D875651-F0F8-4914-92CF-04F83C6CD9D5} = {08B82ACA-09AE-49D4-BA46-25060BD32A3B}
		{849D1500-5A2C-4E89-A3A6-F5D90863DB03} = {7CF459C2-B7B2-44E1-80B7-4689C3A2A01C}
		{58094343-8029-4D3D-B274-D65AD87F1B2F} = {08B82ACA-09AE-49D4-BA46-25060BD32A3B}
		{EFF786B8-9053-4DA8-BAC9-686D995133FC} = {08B82ACA-09AE-49D4-BA46-25060BD32A3B}
		{0B73C73C-699E-4063-9DEC-6946613579B2} = {C288BDA1-625E-41C7-BF81-3E115F5BD2A3}
		{405305D1-31B8-48A5-AECD-1C527F212DF9} = {7CF459C2-B7B2-44E1-80B7-4689C3A2A01C}
		{11418F77-30A6-49DF-ABC3-608A03BEFC34} = {7CF459C2-B7B2-44E1-80B7-4689C3A2A01C}
		{A114FFBA-A9DC-4EF2-8F52-283E86395CB6} = {08B82ACA-09AE-49D4-BA46-25060BD32A3B}
	EndGlobalSection
	GlobalSection(ExtensibilityGlobals) = postSolution
		SolutionGuid = {AA55E966-B396-4187-A52C-0E7B2C9B0AE1}
	EndGlobalSection
EndGlobal
